
Microsoft Visual Studio Solution File, Format Version 12.00
Project("{FAE04EC0-301F-11D3-BF4B-00C04F79EFBC}") = "UserService", "UserService\UserService.csproj", "{8FB30C3D-F349-4321-9DEB-D5847F0BD204}"
EndProject
Project("{FAE04EC0-301F-11D3-BF4B-00C04F79EFBC}") = "PostService", "PostService\PostService.csproj", "{59DC8698-9562-437E-8E5C-FE7CCD91B125}"
EndProject
Project("{FAE04EC0-301F-11D3-BF4B-00C04F79EFBC}") = "CommonWork", "CommonWork\CommonWork.csproj", "{89E51872-505A-4AAF-BE90-BA20BA77104B}"
EndProject
Global
	GlobalSection(SolutionConfigurationPlatforms) = preSolution
		Debug|Any CPU = Debug|Any CPU
		Release|Any CPU = Release|Any CPU
	EndGlobalSection
	GlobalSection(ProjectConfigurationPlatforms) = postSolution
		{8FB30C3D-F349-4321-9DEB-D5847F0BD204}.Debug|Any CPU.ActiveCfg = Debug|Any CPU
		{8FB30C3D-F349-4321-9DEB-D5847F0BD204}.Debug|Any CPU.Build.0 = Debug|Any CPU
		{8FB30C3D-F349-4321-9DEB-D5847F0BD204}.Release|Any CPU.ActiveCfg = Release|Any CPU
		{8FB30C3D-F349-4321-9DEB-D5847F0BD204}.Release|Any CPU.Build.0 = Release|Any CPU
		{59DC8698-9562-437E-8E5C-FE7CCD91B125}.Debug|Any CPU.ActiveCfg = Debug|Any CPU
		{59DC8698-9562-437E-8E5C-FE7CCD91B125}.Debug|Any CPU.Build.0 = Debug|Any CPU
		{59DC8698-9562-437E-8E5C-FE7CCD91B125}.Release|Any CPU.ActiveCfg = Release|Any CPU
		{59DC8698-9562-437E-8E5C-FE7CCD91B125}.Release|Any CPU.Build.0 = Release|Any CPU
		{89E51872-505A-4AAF-BE90-BA20BA77104B}.Debug|Any CPU.ActiveCfg = Debug|Any CPU
		{89E51872-505A-4AAF-BE90-BA20BA77104B}.Debug|Any CPU.Build.0 = Debug|Any CPU
		{89E51872-505A-4AAF-BE90-BA20BA77104B}.Release|Any CPU.ActiveCfg = Release|Any CPU
		{89E51872-505A-4AAF-BE90-BA20BA77104B}.Release|Any CPU.Build.0 = Release|Any CPU
	EndGlobalSection
EndGlobal
